
Microsoft Visual Studio Solution File, Format Version 12.00
# Visual Studio Version 17
VisualStudioVersion = 17.11.35222.181
MinimumVisualStudioVersion = 10.0.40219.1
Project("{8BC9CEB8-8B4A-11D0-8D11-00A0C91BC942}") = "VPCC_CSC_221_Fall_2024", "VPCC_CSC_221_Fall_2024.vcxproj", "{52491272-A16D-4426-979D-C2FB4B5D4EA5}"
EndProject
Global
	GlobalSection(SolutionConfigurationPlatforms) = preSolution
		Debug|x64 = Debug|x64
		Debug|x86 = Debug|x86
		Release|x64 = Release|x64
		Release|x86 = Release|x86
	EndGlobalSection
	GlobalSection(ProjectConfigurationPlatforms) = postSolution
		{52491272-A16D-4426-979D-C2FB4B5D4EA5}.Debug|x64.ActiveCfg = Debug|x64
		{52491272-A16D-4426-979D-C2FB4B5D4EA5}.Debug|x64.Build.0 = Debug|x64
		{52491272-A16D-4426-979D-C2FB4B5D4EA5}.Debug|x86.ActiveCfg = Debug|Win32
		{52491272-A16D-4426-979D-C2FB4B5D4EA5}.Debug|x86.Build.0 = Debug|Win32
		{52491272-A16D-4426-979D-C2FB4B5D4EA5}.Release|x64.ActiveCfg = Release|x64
		{52491272-A16D-4426-979D-C2FB4B5D4EA5}.Release|x64.Build.0 = Release|x64
		{52491272-A16D-4426-979D-C2FB4B5D4EA5}.Release|x86.ActiveCfg = Release|Win32
		{52491272-A16D-4426-979D-C2FB4B5D4EA5}.Release|x86.Build.0 = Release|Win32
	EndGlobalSection
	GlobalSection(SolutionProperties) = preSolution
		HideSolutionNode = FALSE
	EndGlobalSection
	GlobalSection(ExtensibilityGlobals) = postSolution
		SolutionGuid = {160F06C9-18DC-4528-AAE8-9E2915B18875}
	EndGlobalSection
EndGlobal
